// !$*UTF8*$!
{
	archiveVersion = 1;
	classes = {
	};
	objectVersion = 46;
	objects = {

/* Begin PBXBuildFile section */
		8228B40419475460007AE664 /* AppDelegate.swift in Sources */ = {isa = PBXBuildFile; fileRef = 8228B40319475460007AE664 /* AppDelegate.swift */; };
		8228B40619475460007AE664 /* ViewController.swift in Sources */ = {isa = PBXBuildFile; fileRef = 8228B40519475460007AE664 /* ViewController.swift */; };
		8228B40919475460007AE664 /* Main.storyboard in Resources */ = {isa = PBXBuildFile; fileRef = 8228B40719475460007AE664 /* Main.storyboard */; };
		8228B40B19475460007AE664 /* Images.xcassets in Resources */ = {isa = PBXBuildFile; fileRef = 8228B40A19475460007AE664 /* Images.xcassets */; };
		8228B41719475460007AE664 /* SimpleMeshTests.swift in Sources */ = {isa = PBXBuildFile; fileRef = 8228B41619475460007AE664 /* SimpleMeshTests.swift */; };
		8228B421194754D3007AE664 /* README.md in Sources */ = {isa = PBXBuildFile; fileRef = 8228B420194754D3007AE664 /* README.md */; };
/* End PBXBuildFile section */

/* Begin PBXContainerItemProxy section */
		8228B41119475460007AE664 /* PBXContainerItemProxy */ = {
			isa = PBXContainerItemProxy;
			containerPortal = 8228B3F619475460007AE664 /* Project object */;
			proxyType = 1;
			remoteGlobalIDString = 8228B3FD19475460007AE664;
			remoteInfo = SimpleMesh;
		};
/* End PBXContainerItemProxy section */

/* Begin PBXFileReference section */
		8228B3FE19475460007AE664 /* SimpleMesh.app */ = {isa = PBXFileReference; explicitFileType = wrapper.application; includeInIndex = 0; path = SimpleMesh.app; sourceTree = BUILT_PRODUCTS_DIR; };
		8228B40219475460007AE664 /* Info.plist */ = {isa = PBXFileReference; lastKnownFileType = text.plist.xml; path = Info.plist; sourceTree = "<group>"; };
		8228B40319475460007AE664 /* AppDelegate.swift */ = {isa = PBXFileReference; lastKnownFileType = sourcecode.swift; path = AppDelegate.swift; sourceTree = "<group>"; };
		8228B40519475460007AE664 /* ViewController.swift */ = {isa = PBXFileReference; lastKnownFileType = sourcecode.swift; path = ViewController.swift; sourceTree = "<group>"; };
		8228B40819475460007AE664 /* Base */ = {isa = PBXFileReference; lastKnownFileType = file.storyboard; name = Base; path = Base.lproj/Main.storyboard; sourceTree = "<group>"; };
		8228B40A19475460007AE664 /* Images.xcassets */ = {isa = PBXFileReference; lastKnownFileType = folder.assetcatalog; path = Images.xcassets; sourceTree = "<group>"; };
		8228B41019475460007AE664 /* SimpleMeshTests.xctest */ = {isa = PBXFileReference; explicitFileType = wrapper.cfbundle; includeInIndex = 0; path = SimpleMeshTests.xctest; sourceTree = BUILT_PRODUCTS_DIR; };
		8228B41519475460007AE664 /* Info.plist */ = {isa = PBXFileReference; lastKnownFileType = text.plist.xml; path = Info.plist; sourceTree = "<group>"; };
		8228B41619475460007AE664 /* SimpleMeshTests.swift */ = {isa = PBXFileReference; lastKnownFileType = sourcecode.swift; path = SimpleMeshTests.swift; sourceTree = "<group>"; };
		8228B420194754D3007AE664 /* README.md */ = {isa = PBXFileReference; fileEncoding = 4; lastKnownFileType = net.daringfireball.markdown; path = README.md; sourceTree = SOURCE_ROOT; };
/* End PBXFileReference section */

/* Begin PBXFrameworksBuildPhase section */
		8228B3FB19475460007AE664 /* Frameworks */ = {
			isa = PBXFrameworksBuildPhase;
			buildActionMask = 2147483647;
			files = (
			);
			runOnlyForDeploymentPostprocessing = 0;
		};
		8228B40D19475460007AE664 /* Frameworks */ = {
			isa = PBXFrameworksBuildPhase;
			buildActionMask = 2147483647;
			files = (
			);
			runOnlyForDeploymentPostprocessing = 0;
		};
/* End PBXFrameworksBuildPhase section */

/* Begin PBXGroup section */
		8228B3F519475460007AE664 = {
			isa = PBXGroup;
			children = (
				8228B40019475460007AE664 /* SimpleMesh */,
				8228B41319475460007AE664 /* SimpleMeshTests */,
				8228B3FF19475460007AE664 /* Products */,
			);
			sourceTree = "<group>";
		};
		8228B3FF19475460007AE664 /* Products */ = {
			isa = PBXGroup;
			children = (
				8228B3FE19475460007AE664 /* SimpleMesh.app */,
				8228B41019475460007AE664 /* SimpleMeshTests.xctest */,
			);
			name = Products;
			sourceTree = "<group>";
		};
		8228B40019475460007AE664 /* SimpleMesh */ = {
			isa = PBXGroup;
			children = (
				8228B420194754D3007AE664 /* README.md */,
				8228B40319475460007AE664 /* AppDelegate.swift */,
				8228B40519475460007AE664 /* ViewController.swift */,
				8228B40719475460007AE664 /* Main.storyboard */,
				8228B40A19475460007AE664 /* Images.xcassets */,
				8228B40119475460007AE664 /* Supporting Files */,
			);
			path = SimpleMesh;
			sourceTree = "<group>";
		};
		8228B40119475460007AE664 /* Supporting Files */ = {
			isa = PBXGroup;
			children = (
				8228B40219475460007AE664 /* Info.plist */,
			);
			name = "Supporting Files";
			sourceTree = "<group>";
		};
		8228B41319475460007AE664 /* SimpleMeshTests */ = {
			isa = PBXGroup;
			children = (
				8228B41619475460007AE664 /* SimpleMeshTests.swift */,
				8228B41419475460007AE664 /* Supporting Files */,
			);
			path = SimpleMeshTests;
			sourceTree = "<group>";
		};
		8228B41419475460007AE664 /* Supporting Files */ = {
			isa = PBXGroup;
			children = (
				8228B41519475460007AE664 /* Info.plist */,
			);
			name = "Supporting Files";
			sourceTree = "<group>";
		};
/* End PBXGroup section */

/* Begin PBXNativeTarget section */
		8228B3FD19475460007AE664 /* SimpleMesh */ = {
			isa = PBXNativeTarget;
			buildConfigurationList = 8228B41A19475460007AE664 /* Build configuration list for PBXNativeTarget "SimpleMesh" */;
			buildPhases = (
				8228B3FA19475460007AE664 /* Sources */,
				8228B3FB19475460007AE664 /* Frameworks */,
				8228B3FC19475460007AE664 /* Resources */,
			);
			buildRules = (
			);
			dependencies = (
			);
			name = SimpleMesh;
			productName = SimpleMesh;
			productReference = 8228B3FE19475460007AE664 /* SimpleMesh.app */;
			productType = "com.apple.product-type.application";
		};
		8228B40F19475460007AE664 /* SimpleMeshTests */ = {
			isa = PBXNativeTarget;
			buildConfigurationList = 8228B41D19475460007AE664 /* Build configuration list for PBXNativeTarget "SimpleMeshTests" */;
			buildPhases = (
				8228B40C19475460007AE664 /* Sources */,
				8228B40D19475460007AE664 /* Frameworks */,
				8228B40E19475460007AE664 /* Resources */,
			);
			buildRules = (
			);
			dependencies = (
				8228B41219475460007AE664 /* PBXTargetDependency */,
			);
			name = SimpleMeshTests;
			productName = SimpleMeshTests;
			productReference = 8228B41019475460007AE664 /* SimpleMeshTests.xctest */;
			productType = "com.apple.product-type.bundle.unit-test";
		};
/* End PBXNativeTarget section */

/* Begin PBXProject section */
		8228B3F619475460007AE664 /* Project object */ = {
			isa = PBXProject;
			attributes = {
				LastUpgradeCheck = 0600;
				ORGANIZATIONNAME = "Laura Skelton";
				TargetAttributes = {
					8228B3FD19475460007AE664 = {
						CreatedOnToolsVersion = 6.0;
					};
					8228B40F19475460007AE664 = {
						CreatedOnToolsVersion = 6.0;
						TestTargetID = 8228B3FD19475460007AE664;
					};
				};
			};
			buildConfigurationList = 8228B3F919475460007AE664 /* Build configuration list for PBXProject "SimpleMesh" */;
			compatibilityVersion = "Xcode 3.2";
			developmentRegion = English;
			hasScannedForEncodings = 0;
			knownRegions = (
				en,
				Base,
			);
			mainGroup = 8228B3F519475460007AE664;
			productRefGroup = 8228B3FF19475460007AE664 /* Products */;
			projectDirPath = "";
			projectRoot = "";
			targets = (
				8228B3FD19475460007AE664 /* SimpleMesh */,
				8228B40F19475460007AE664 /* SimpleMeshTests */,
			);
		};
/* End PBXProject section */

/* Begin PBXResourcesBuildPhase section */
		8228B3FC19475460007AE664 /* Resources */ = {
			isa = PBXResourcesBuildPhase;
			buildActionMask = 2147483647;
			files = (
				8228B40919475460007AE664 /* Main.storyboard in Resources */,
				8228B40B19475460007AE664 /* Images.xcassets in Resources */,
			);
			runOnlyForDeploymentPostprocessing = 0;
		};
		8228B40E19475460007AE664 /* Resources */ = {
			isa = PBXResourcesBuildPhase;
			buildActionMask = 2147483647;
			files = (
			);
			runOnlyForDeploymentPostprocessing = 0;
		};
/* End PBXResourcesBuildPhase section */

/* Begin PBXSourcesBuildPhase section */
		8228B3FA19475460007AE664 /* Sources */ = {
			isa = PBXSourcesBuildPhase;
			buildActionMask = 2147483647;
			files = (
				8228B421194754D3007AE664 /* README.md in Sources */,
				8228B40619475460007AE664 /* ViewController.swift in Sources */,
				8228B40419475460007AE664 /* AppDelegate.swift in Sources */,
			);
			runOnlyForDeploymentPostprocessing = 0;
		};
		8228B40C19475460007AE664 /* Sources */ = {
			isa = PBXSourcesBuildPhase;
			buildActionMask = 2147483647;
			files = (
				8228B41719475460007AE664 /* SimpleMeshTests.swift in Sources */,
			);
			runOnlyForDeploymentPostprocessing = 0;
		};
/* End PBXSourcesBuildPhase section */

/* Begin PBXTargetDependency section */
		8228B41219475460007AE664 /* PBXTargetDependency */ = {
			isa = PBXTargetDependency;
			target = 8228B3FD19475460007AE664 /* SimpleMesh */;
			targetProxy = 8228B41119475460007AE664 /* PBXContainerItemProxy */;
		};
/* End PBXTargetDependency section */

/* Begin PBXVariantGroup section */
		8228B40719475460007AE664 /* Main.storyboard */ = {
			isa = PBXVariantGroup;
			children = (
				8228B40819475460007AE664 /* Base */,
			);
			name = Main.storyboard;
			sourceTree = "<group>";
		};
/* End PBXVariantGroup section */

/* Begin XCBuildConfiguration section */
		8228B41819475460007AE664 /* Debug */ = {
			isa = XCBuildConfiguration;
			buildSettings = {
				ALWAYS_SEARCH_USER_PATHS = NO;
				CLANG_CXX_LANGUAGE_STANDARD = "gnu++0x";
				CLANG_CXX_LIBRARY = "libc++";
				CLANG_ENABLE_MODULES = YES;
				CLANG_ENABLE_OBJC_ARC = YES;
				CLANG_WARN_BOOL_CONVERSION = YES;
				CLANG_WARN_CONSTANT_CONVERSION = YES;
				CLANG_WARN_DIRECT_OBJC_ISA_USAGE = YES_ERROR;
				CLANG_WARN_EMPTY_BODY = YES;
				CLANG_WARN_ENUM_CONVERSION = YES;
				CLANG_WARN_INT_CONVERSION = YES;
				CLANG_WARN_OBJC_ROOT_CLASS = YES_ERROR;
				CLANG_WARN_UNREACHABLE_CODE = YES;
				CLANG_WARN__DUPLICATE_METHOD_MATCH = YES;
				"CODE_SIGN_IDENTITY[sdk=iphoneos*]" = "iPhone Developer";
				COPY_PHASE_STRIP = NO;
				ENABLE_STRICT_OBJC_MSGSEND = YES;
				GCC_C_LANGUAGE_STANDARD = gnu99;
				GCC_DYNAMIC_NO_PIC = NO;
				GCC_OPTIMIZATION_LEVEL = 0;
				GCC_PREPROCESSOR_DEFINITIONS = (
					"DEBUG=1",
					"$(inherited)",
				);
				GCC_SYMBOLS_PRIVATE_EXTERN = NO;
				GCC_WARN_64_TO_32_BIT_CONVERSION = YES;
				GCC_WARN_ABOUT_RETURN_TYPE = YES_ERROR;
				GCC_WARN_UNDECLARED_SELECTOR = YES;
				GCC_WARN_UNINITIALIZED_AUTOS = YES_AGGRESSIVE;
				GCC_WARN_UNUSED_FUNCTION = YES;
				GCC_WARN_UNUSED_VARIABLE = YES;
				IPHONEOS_DEPLOYMENT_TARGET = 8.0;
				METAL_ENABLE_DEBUG_INFO = YES;
				ONLY_ACTIVE_ARCH = YES;
				SDKROOT = iphoneos;
				SWIFT_OPTIMIZATION_LEVEL = "-Onone";
			};
			name = Debug;
		};
		8228B41919475460007AE664 /* Release */ = {
			isa = XCBuildConfiguration;
			buildSettings = {
				ALWAYS_SEARCH_USER_PATHS = NO;
				CLANG_CXX_LANGUAGE_STANDARD = "gnu++0x";
				CLANG_CXX_LIBRARY = "libc++";
				CLANG_ENABLE_MODULES = YES;
				CLANG_ENABLE_OBJC_ARC = YES;
				CLANG_WARN_BOOL_CONVERSION = YES;
				CLANG_WARN_CONSTANT_CONVERSION = YES;
				CLANG_WARN_DIRECT_OBJC_ISA_USAGE = YES_ERROR;
				CLANG_WARN_EMPTY_BODY = YES;
				CLANG_WARN_ENUM_CONVERSION = YES;
				CLANG_WARN_INT_CONVERSION = YES;
				CLANG_WARN_OBJC_ROOT_CLASS = YES_ERROR;
				CLANG_WARN_UNREACHABLE_CODE = YES;
				CLANG_WARN__DUPLICATE_METHOD_MATCH = YES;
				"CODE_SIGN_IDENTITY[sdk=iphoneos*]" = "iPhone Developer";
				COPY_PHASE_STRIP = YES;
				ENABLE_NS_ASSERTIONS = NO;
				ENABLE_STRICT_OBJC_MSGSEND = YES;
				GCC_C_LANGUAGE_STANDARD = gnu99;
				GCC_WARN_64_TO_32_BIT_CONVERSION = YES;
				GCC_WARN_ABOUT_RETURN_TYPE = YES_ERROR;
				GCC_WARN_UNDECLARED_SELECTOR = YES;
				GCC_WARN_UNINITIALIZED_AUTOS = YES_AGGRESSIVE;
				GCC_WARN_UNUSED_FUNCTION = YES;
				GCC_WARN_UNUSED_VARIABLE = YES;
				IPHONEOS_DEPLOYMENT_TARGET = 8.0;
				METAL_ENABLE_DEBUG_INFO = NO;
				SDKROOT = iphoneos;
				VALIDATE_PRODUCT = YES;
			};
			name = Release;
		};
		8228B41B19475460007AE664 /* Debug */ = {
			isa = XCBuildConfiguration;
			buildSettings = {
				ASSETCATALOG_COMPILER_APPICON_NAME = AppIcon;
				ASSETCATALOG_COMPILER_LAUNCHIMAGE_NAME = LaunchImage;
				INFOPLIST_FILE = SimpleMesh/Info.plist;
				LD_RUNPATH_SEARCH_PATHS = "$(inherited) @executable_path/Frameworks";
				PRODUCT_NAME = "$(TARGET_NAME)";
			};
			name = Debug;
		};
		8228B41C19475460007AE664 /* Release */ = {
			isa = XCBuildConfiguration;
			buildSettings = {
				ASSETCATALOG_COMPILER_APPICON_NAME = AppIcon;
				ASSETCATALOG_COMPILER_LAUNCHIMAGE_NAME = LaunchImage;
				INFOPLIST_FILE = SimpleMesh/Info.plist;
				LD_RUNPATH_SEARCH_PATHS = "$(inherited) @executable_path/Frameworks";
				PRODUCT_NAME = "$(TARGET_NAME)";
			};
			name = Release;
		};
		8228B41E19475460007AE664 /* Debug */ = {
			isa = XCBuildConfiguration;
			buildSettings = {
				BUNDLE_LOADER = "$(BUILT_PRODUCTS_DIR)/SimpleMesh.app/SimpleMesh";
				FRAMEWORK_SEARCH_PATHS = (
					"$(SDKROOT)/Developer/Library/Frameworks",
					"$(inherited)",
				);
				GCC_PREPROCESSOR_DEFINITIONS = (
					"DEBUG=1",
					"$(inherited)",
				);
				INFOPLIST_FILE = SimpleMeshTests/Info.plist;
				LD_RUNPATH_SEARCH_PATHS = "$(inherited) @executable_path/Frameworks @loader_path/Frameworks";
				METAL_ENABLE_DEBUG_INFO = YES;
				PRODUCT_NAME = "$(TARGET_NAME)";
				TEST_HOST = "$(BUNDLE_LOADER)";
			};
			name = Debug;
		};
		8228B41F19475460007AE664 /* Release */ = {
			isa = XCBuildConfiguration;
			buildSettings = {
				BUNDLE_LOADER = "$(BUILT_PRODUCTS_DIR)/SimpleMesh.app/SimpleMesh";
				FRAMEWORK_SEARCH_PATHS = (
					"$(SDKROOT)/Developer/Library/Frameworks",
					"$(inherited)",
				);
				INFOPLIST_FILE = SimpleMeshTests/Info.plist;
				LD_RUNPATH_SEARCH_PATHS = "$(inherited) @executable_path/Frameworks @loader_path/Frameworks";
				METAL_ENABLE_DEBUG_INFO = NO;
				PRODUCT_NAME = "$(TARGET_NAME)";
				TEST_HOST = "$(BUNDLE_LOADER)";
			};
			name = Release;
		};
/* End XCBuildConfiguration section */

/* Begin XCConfigurationList section */
		8228B3F919475460007AE664 /* Build configuration list for PBXProject "SimpleMesh" */ = {
			isa = XCConfigurationList;
			buildConfigurations = (
				8228B41819475460007AE664 /* Debug */,
				8228B41919475460007AE664 /* Release */,
			);
			defaultConfigurationIsVisible = 0;
			defaultConfigurationName = Release;
		};
		8228B41A19475460007AE664 /* Build configuration list for PBXNativeTarget "SimpleMesh" */ = {
			isa = XCConfigurationList;
			buildConfigurations = (
				8228B41B19475460007AE664 /* Debug */,
				8228B41C19475460007AE664 /* Release */,
			);
			defaultConfigurationIsVisible = 0;
		};
		8228B41D19475460007AE664 /* Build configuration list for PBXNativeTarget "SimpleMeshTests" */ = {
			isa = XCConfigurationList;
			buildConfigurations = (
				8228B41E19475460007AE664 /* Debug */,
				8228B41F19475460007AE664 /* Release */,
			);
			defaultConfigurationIsVisible = 0;
		};
/* End XCConfigurationList section */
	};
	rootObject = 8228B3F619475460007AE664 /* Project object */;
}
